
Microsoft Visual Studio Solution File, Format Version 12.00
# Visual Studio Version 17
VisualStudioVersion = 17.3.32922.545
MinimumVisualStudioVersion = 10.0.40219.1
Project("{FAE04EC0-301F-11D3-BF4B-00C04F79EFBC}") = "ConsoleApp3", "ConsoleApp3.csproj", "{136F815F-E867-41DC-AF7D-317BCF2A2A04}"
EndProject
Project("{FAE04EC0-301F-11D3-BF4B-00C04F79EFBC}") = "ConsoleApp4", "..\ConsoleApp4\ConsoleApp4.csproj", "{F7DBE1BA-2452-4C29-BD76-D854E34ED01A}"
EndProject
Global
	GlobalSection(SolutionConfigurationPlatforms) = preSolution
		Debug|Any CPU = Debug|Any CPU
		Release|Any CPU = Release|Any CPU
	EndGlobalSection
	GlobalSection(ProjectConfigurationPlatforms) = postSolution
		{136F815F-E867-41DC-AF7D-317BCF2A2A04}.Debug|Any CPU.ActiveCfg = Debug|Any CPU
		{136F815F-E867-41DC-AF7D-317BCF2A2A04}.Debug|Any CPU.Build.0 = Debug|Any CPU
		{136F815F-E867-41DC-AF7D-317BCF2A2A04}.Release|Any CPU.ActiveCfg = Release|Any CPU
		{136F815F-E867-41DC-AF7D-317BCF2A2A04}.Release|Any CPU.Build.0 = Release|Any CPU
		{F7DBE1BA-2452-4C29-BD76-D854E34ED01A}.Debug|Any CPU.ActiveCfg = Debug|Any CPU
		{F7DBE1BA-2452-4C29-BD76-D854E34ED01A}.Debug|Any CPU.Build.0 = Debug|Any CPU
		{F7DBE1BA-2452-4C29-BD76-D854E34ED01A}.Release|Any CPU.ActiveCfg = Release|Any CPU
		{F7DBE1BA-2452-4C29-BD76-D854E34ED01A}.Release|Any CPU.Build.0 = Release|Any CPU
	EndGlobalSection
	GlobalSection(SolutionProperties) = preSolution
		HideSolutionNode = FALSE
	EndGlobalSection
	GlobalSection(ExtensibilityGlobals) = postSolution
		SolutionGuid = {88368C59-F312-4B34-B52D-7891986E2500}
	EndGlobalSection
EndGlobal
